{
  "name": "hermes-production-patterns",
  "version": "1.0.0",
  "lockfileVersion": 3,
  "requires": true,
  "packages": {
    "": {
      "name": "hermes-production-patterns",
      "version": "1.0.0",
      "private": true,
      "devDependencies": {
        "markdownlint-cli2": "^0.17.0"
      }
    },
    "node_modules/commander": {
      "version": "12.1.0",
      "resolved": "https://registry.npmjs.org/commander/-/commander-12.1.0.tgz",
      "integrity": "sha512-Vw8qHmrolFc2HqNzbT+wsmoDzZlX1L7I23CzvsSuv9SPNAHeFQin7G7L9nWsuNQbkakta50prqWvbvArfDKLqw==",
      "engines": {
        "node": ">=18"
      }
    },
    "node_modules/markdownlint": {
      "version": "0.38.0",
      "resolved": "https://registry.npmjs.org/markdownlint/-/markdownlint-0.38.0.tgz",
      "integrity": "sha512-7+QXqMxVjDjLLST5KF7LWM4mHIYiE4Gl5y9xvr5hh1j1RH2hNBSrEgbqsZuXaG4u5FGXBV7OZ7RJvNM6lsKxw==",
      "dev": true,
      "engines": {
        "node": ">=14"
      }
    },
    "node_modules/markdownlint-cli2": {
      "version": "0.17.0",
      "resolved": "https://registry.npmjs.org/markdownlint-cli2/-/markdownlint-cli2-0.17.0.tgz",
      "integrity": "sha512-7qwt2Gm2LtFZz2zn3HBApUzMCLBFMbtmJyFqr35Hkps8JyGN6lQJdmvzBbIWm0CvpfKVjqYGsO49rI3BXJCxg==",
      "dev": true,
      "dependencies": {
        "commander": "^12.0.0",
        "markdownlint": "^0.38.0"
      },
      "bin": {
        "markdownlint-cli2": "markdownlint-cli2.js"
      },
      "engines": {
        "node": ">=18"
      }
    }
  }
}
